
Microsoft Visual Studio Solution File, Format Version 12.00
# Visual Studio 15
VisualStudioVersion = 15.0.28010.2016
MinimumVisualStudioVersion = 10.0.40219.1
Project("{FAE04EC0-301F-11D3-BF4B-00C04F79EFBC}") = "NewTrafficRacer", "NewTrafficRacer\NewTrafficRacer.csproj", "{5D15AB7D-B372-45FB-BE2D-2E094FBABEE1}"
EndProject
Project("{FAE04EC0-301F-11D3-BF4B-00C04F79EFBC}") = "TrafficAndroid_ContentPipeline", "TrafficAndroid_ContentPipeline\TrafficAndroid_ContentPipeline.csproj", "{35D8D2AF-DB83-4E69-BF02-2B108CFAD9C9}"
EndProject
Global
	GlobalSection(SolutionConfigurationPlatforms) = preSolution
		Debug|Any CPU = Debug|Any CPU
		Debug|x86 = Debug|x86
		Release|Any CPU = Release|Any CPU
		Release|x86 = Release|x86
	EndGlobalSection
	GlobalSection(ProjectConfigurationPlatforms) = postSolution
		{5D15AB7D-B372-45FB-BE2D-2E094FBABEE1}.Debug|Any CPU.ActiveCfg = Debug|Any CPU
		{5D15AB7D-B372-45FB-BE2D-2E094FBABEE1}.Debug|Any CPU.Build.0 = Debug|Any CPU
		{5D15AB7D-B372-45FB-BE2D-2E094FBABEE1}.Debug|Any CPU.Deploy.0 = Debug|Any CPU
		{5D15AB7D-B372-45FB-BE2D-2E094FBABEE1}.Debug|x86.ActiveCfg = Debug|Any CPU
		{5D15AB7D-B372-45FB-BE2D-2E094FBABEE1}.Debug|x86.Build.0 = Debug|Any CPU
		{5D15AB7D-B372-45FB-BE2D-2E094FBABEE1}.Debug|x86.Deploy.0 = Debug|Any CPU
		{5D15AB7D-B372-45FB-BE2D-2E094FBABEE1}.Release|Any CPU.ActiveCfg = Release|Any CPU
		{5D15AB7D-B372-45FB-BE2D-2E094FBABEE1}.Release|Any CPU.Build.0 = Release|Any CPU
		{5D15AB7D-B372-45FB-BE2D-2E094FBABEE1}.Release|Any CPU.Deploy.0 = Release|Any CPU
		{5D15AB7D-B372-45FB-BE2D-2E094FBABEE1}.Release|x86.ActiveCfg = Release|Any CPU
		{5D15AB7D-B372-45FB-BE2D-2E094FBABEE1}.Release|x86.Build.0 = Release|Any CPU
		{5D15AB7D-B372-45FB-BE2D-2E094FBABEE1}.Release|x86.Deploy.0 = Release|Any CPU
		{35D8D2AF-DB83-4E69-BF02-2B108CFAD9C9}.Debug|Any CPU.ActiveCfg = Debug|Any CPU
		{35D8D2AF-DB83-4E69-BF02-2B108CFAD9C9}.Debug|Any CPU.Build.0 = Debug|Any CPU
		{35D8D2AF-DB83-4E69-BF02-2B108CFAD9C9}.Debug|x86.ActiveCfg = Debug|Any CPU
		{35D8D2AF-DB83-4E69-BF02-2B108CFAD9C9}.Debug|x86.Build.0 = Debug|Any CPU
		{35D8D2AF-DB83-4E69-BF02-2B108CFAD9C9}.Release|Any CPU.ActiveCfg = Release|Any CPU
		{35D8D2AF-DB83-4E69-BF02-2B108CFAD9C9}.Release|Any CPU.Build.0 = Release|Any CPU
		{35D8D2AF-DB83-4E69-BF02-2B108CFAD9C9}.Release|x86.ActiveCfg = Release|Any CPU
		{35D8D2AF-DB83-4E69-BF02-2B108CFAD9C9}.Release|x86.Build.0 = Release|Any CPU
	EndGlobalSection
	GlobalSection(SolutionProperties) = preSolution
		HideSolutionNode = FALSE
	EndGlobalSection
	GlobalSection(ExtensibilityGlobals) = postSolution
		SolutionGuid = {85E11C6F-8229-4FA2-904D-56B940DF1562}
	EndGlobalSection
EndGlobal
